// !$*UTF8*$!
{
	archiveVersion = 1;
	classes = {
	};
	objectVersion = 56;
	objects = {

/* Begin PBXBuildFile section */
		64153F14779515E24BC8A296 /* Pods_TodoApp.framework in Frameworks */ = {isa = PBXBuildFile; fileRef = DA35A18F6F6FB52952526208 /* Pods_TodoApp.framework */; };
		8B6DB3922C0EFD7300804DE9 /* CustomColor.swift in Sources */ = {isa = PBXBuildFile; fileRef = 8B6DB3912C0EFD7300804DE9 /* CustomColor.swift */; };
		8B6DB3962C0F055200804DE9 /* SignupViewController.swift in Sources */ = {isa = PBXBuildFile; fileRef = 8B6DB3952C0F055200804DE9 /* SignupViewController.swift */; };
		8B6DB39A2C0F058700804DE9 /* MainViewController.swift in Sources */ = {isa = PBXBuildFile; fileRef = 8B6DB3992C0F058700804DE9 /* MainViewController.swift */; };
		8B6DB39C2C0F05BA00804DE9 /* SignInViewController.swift in Sources */ = {isa = PBXBuildFile; fileRef = 8B6DB39B2C0F05BA00804DE9 /* SignInViewController.swift */; };
		8B6DB39E2C0F07E000804DE9 /* MyPageViewController.swift in Sources */ = {isa = PBXBuildFile; fileRef = 8B6DB39D2C0F07E000804DE9 /* MyPageViewController.swift */; };
		8B6DB3A02C101BD800804DE9 /* SignIn.swift in Sources */ = {isa = PBXBuildFile; fileRef = 8B6DB39F2C101BD800804DE9 /* SignIn.swift */; };
		8B6DB3A22C10490500804DE9 /* SignUp.swift in Sources */ = {isa = PBXBuildFile; fileRef = 8B6DB3A12C10490500804DE9 /* SignUp.swift */; };
		8B8725582C02797800E2B9F8 /* CategoryViewCell.swift in Sources */ = {isa = PBXBuildFile; fileRef = 8B8725572C02797800E2B9F8 /* CategoryViewCell.swift */; };
		8B87255A2C0279D900E2B9F8 /* Extension+.swift in Sources */ = {isa = PBXBuildFile; fileRef = 8B8725592C0279D900E2B9F8 /* Extension+.swift */; };
		8B87255C2C027C3A00E2B9F8 /* TodoViewCell.swift in Sources */ = {isa = PBXBuildFile; fileRef = 8B87255B2C027C3A00E2B9F8 /* TodoViewCell.swift */; };
		8B87255E2C027E5B00E2B9F8 /* Category.swift in Sources */ = {isa = PBXBuildFile; fileRef = 8B87255D2C027E5B00E2B9F8 /* Category.swift */; };
		8B8725602C05DB5900E2B9F8 /* AddCategoryCell.swift in Sources */ = {isa = PBXBuildFile; fileRef = 8B87255F2C05DB5900E2B9F8 /* AddCategoryCell.swift */; };
		8B8725622C05DD1A00E2B9F8 /* CategoryDetailViewController.swift in Sources */ = {isa = PBXBuildFile; fileRef = 8B8725612C05DD1A00E2B9F8 /* CategoryDetailViewController.swift */; };
		8B8725642C0677FF00E2B9F8 /* TodoDetailViewController.swift in Sources */ = {isa = PBXBuildFile; fileRef = 8B8725632C0677FF00E2B9F8 /* TodoDetailViewController.swift */; };
		8B8725662C087DBB00E2B9F8 /* EndPoint.swift in Sources */ = {isa = PBXBuildFile; fileRef = 8B8725652C087DBB00E2B9F8 /* EndPoint.swift */; };
		8BBC51B62C020127005EB184 /* AppDelegate.swift in Sources */ = {isa = PBXBuildFile; fileRef = 8BBC51B52C020127005EB184 /* AppDelegate.swift */; };
		8BBC51B82C020127005EB184 /* SceneDelegate.swift in Sources */ = {isa = PBXBuildFile; fileRef = 8BBC51B72C020127005EB184 /* SceneDelegate.swift */; };
		8BBC51BF2C02012A005EB184 /* Assets.xcassets in Resources */ = {isa = PBXBuildFile; fileRef = 8BBC51BE2C02012A005EB184 /* Assets.xcassets */; };
		8BBC51C22C02012A005EB184 /* Base in Resources */ = {isa = PBXBuildFile; fileRef = 8BBC51C12C02012A005EB184 /* Base */; };
		8BBC51D12C020748005EB184 /* TodoViewController.swift in Sources */ = {isa = PBXBuildFile; fileRef = 8BBC51D02C020748005EB184 /* TodoViewController.swift */; };
		8BBC51D32C025E24005EB184 /* Todo.swift in Sources */ = {isa = PBXBuildFile; fileRef = 8BBC51D22C025E24005EB184 /* Todo.swift */; };
		8BBC51D72C025FB9005EB184 /* FetchAPI.swift in Sources */ = {isa = PBXBuildFile; fileRef = 8BBC51D62C025FB9005EB184 /* FetchAPI.swift */; };
/* End PBXBuildFile section */

/* Begin PBXFileReference section */
		8B6DB3912C0EFD7300804DE9 /* CustomColor.swift */ = {isa = PBXFileReference; lastKnownFileType = sourcecode.swift; path = CustomColor.swift; sourceTree = "<group>"; };
		8B6DB3952C0F055200804DE9 /* SignupViewController.swift */ = {isa = PBXFileReference; lastKnownFileType = sourcecode.swift; path = SignupViewController.swift; sourceTree = "<group>"; };
		8B6DB3992C0F058700804DE9 /* MainViewController.swift */ = {isa = PBXFileReference; lastKnownFileType = sourcecode.swift; path = MainViewController.swift; sourceTree = "<group>"; };
		8B6DB39B2C0F05BA00804DE9 /* SignInViewController.swift */ = {isa = PBXFileReference; lastKnownFileType = sourcecode.swift; path = SignInViewController.swift; sourceTree = "<group>"; };
		8B6DB39D2C0F07E000804DE9 /* MyPageViewController.swift */ = {isa = PBXFileReference; lastKnownFileType = sourcecode.swift; path = MyPageViewController.swift; sourceTree = "<group>"; };
		8B6DB39F2C101BD800804DE9 /* SignIn.swift */ = {isa = PBXFileReference; lastKnownFileType = sourcecode.swift; path = SignIn.swift; sourceTree = "<group>"; };
		8B6DB3A12C10490500804DE9 /* SignUp.swift */ = {isa = PBXFileReference; lastKnownFileType = sourcecode.swift; path = SignUp.swift; sourceTree = "<group>"; };
		8B8725572C02797800E2B9F8 /* CategoryViewCell.swift */ = {isa = PBXFileReference; lastKnownFileType = sourcecode.swift; path = CategoryViewCell.swift; sourceTree = "<group>"; };
		8B8725592C0279D900E2B9F8 /* Extension+.swift */ = {isa = PBXFileReference; lastKnownFileType = sourcecode.swift; path = "Extension+.swift"; sourceTree = "<group>"; };
		8B87255B2C027C3A00E2B9F8 /* TodoViewCell.swift */ = {isa = PBXFileReference; lastKnownFileType = sourcecode.swift; path = TodoViewCell.swift; sourceTree = "<group>"; };
		8B87255D2C027E5B00E2B9F8 /* Category.swift */ = {isa = PBXFileReference; lastKnownFileType = sourcecode.swift; path = Category.swift; sourceTree = "<group>"; };
		8B87255F2C05DB5900E2B9F8 /* AddCategoryCell.swift */ = {isa = PBXFileReference; lastKnownFileType = sourcecode.swift; path = AddCategoryCell.swift; sourceTree = "<group>"; };
		8B8725612C05DD1A00E2B9F8 /* CategoryDetailViewController.swift */ = {isa = PBXFileReference; lastKnownFileType = sourcecode.swift; path = CategoryDetailViewController.swift; sourceTree = "<group>"; };
		8B8725632C0677FF00E2B9F8 /* TodoDetailViewController.swift */ = {isa = PBXFileReference; lastKnownFileType = sourcecode.swift; path = TodoDetailViewController.swift; sourceTree = "<group>"; };
		8B8725652C087DBB00E2B9F8 /* EndPoint.swift */ = {isa = PBXFileReference; lastKnownFileType = sourcecode.swift; path = EndPoint.swift; sourceTree = "<group>"; };
		8BBC51B22C020127005EB184 /* TodoApp.app */ = {isa = PBXFileReference; explicitFileType = wrapper.application; includeInIndex = 0; path = TodoApp.app; sourceTree = BUILT_PRODUCTS_DIR; };
		8BBC51B52C020127005EB184 /* AppDelegate.swift */ = {isa = PBXFileReference; lastKnownFileType = sourcecode.swift; path = AppDelegate.swift; sourceTree = "<group>"; };
		8BBC51B72C020127005EB184 /* SceneDelegate.swift */ = {isa = PBXFileReference; lastKnownFileType = sourcecode.swift; path = SceneDelegate.swift; sourceTree = "<group>"; };
		8BBC51BE2C02012A005EB184 /* Assets.xcassets */ = {isa = PBXFileReference; lastKnownFileType = folder.assetcatalog; path = Assets.xcassets; sourceTree = "<group>"; };
		8BBC51C12C02012A005EB184 /* Base */ = {isa = PBXFileReference; lastKnownFileType = file.storyboard; name = Base; path = Base.lproj/LaunchScreen.storyboard; sourceTree = "<group>"; };
		8BBC51C32C02012A005EB184 /* Info.plist */ = {isa = PBXFileReference; lastKnownFileType = text.plist.xml; path = Info.plist; sourceTree = "<group>"; };
		8BBC51D02C020748005EB184 /* TodoViewController.swift */ = {isa = PBXFileReference; lastKnownFileType = sourcecode.swift; path = TodoViewController.swift; sourceTree = "<group>"; };
		8BBC51D22C025E24005EB184 /* Todo.swift */ = {isa = PBXFileReference; lastKnownFileType = sourcecode.swift; path = Todo.swift; sourceTree = "<group>"; };
		8BBC51D62C025FB9005EB184 /* FetchAPI.swift */ = {isa = PBXFileReference; lastKnownFileType = sourcecode.swift; path = FetchAPI.swift; sourceTree = "<group>"; };
		93062E8C3F3BF402BD77273D /* Pods-TodoApp.release.xcconfig */ = {isa = PBXFileReference; includeInIndex = 1; lastKnownFileType = text.xcconfig; name = "Pods-TodoApp.release.xcconfig"; path = "Target Support Files/Pods-TodoApp/Pods-TodoApp.release.xcconfig"; sourceTree = "<group>"; };
		9C352714C3CB4FD7FC1E50A6 /* Pods-TodoApp.debug.xcconfig */ = {isa = PBXFileReference; includeInIndex = 1; lastKnownFileType = text.xcconfig; name = "Pods-TodoApp.debug.xcconfig"; path = "Target Support Files/Pods-TodoApp/Pods-TodoApp.debug.xcconfig"; sourceTree = "<group>"; };
		DA35A18F6F6FB52952526208 /* Pods_TodoApp.framework */ = {isa = PBXFileReference; explicitFileType = wrapper.framework; includeInIndex = 0; path = Pods_TodoApp.framework; sourceTree = BUILT_PRODUCTS_DIR; };
/* End PBXFileReference section */

/* Begin PBXFrameworksBuildPhase section */
		8BBC51AF2C020127005EB184 /* Frameworks */ = {
			isa = PBXFrameworksBuildPhase;
			buildActionMask = 2147483647;
			files = (
				64153F14779515E24BC8A296 /* Pods_TodoApp.framework in Frameworks */,
			);
			runOnlyForDeploymentPostprocessing = 0;
		};
/* End PBXFrameworksBuildPhase section */

/* Begin PBXGroup section */
		15ECF4C0BBC7E79A850D69BB /* Pods */ = {
			isa = PBXGroup;
			children = (
				9C352714C3CB4FD7FC1E50A6 /* Pods-TodoApp.debug.xcconfig */,
				93062E8C3F3BF402BD77273D /* Pods-TodoApp.release.xcconfig */,
			);
			path = Pods;
			sourceTree = "<group>";
		};
		75EB11EFF2900748EC7864E5 /* Frameworks */ = {
			isa = PBXGroup;
			children = (
				DA35A18F6F6FB52952526208 /* Pods_TodoApp.framework */,
			);
			name = Frameworks;
			sourceTree = "<group>";
		};
		8BBC51A92C020127005EB184 = {
			isa = PBXGroup;
			children = (
				8BBC51B42C020127005EB184 /* TodoApp */,
				8BBC51B32C020127005EB184 /* Products */,
				15ECF4C0BBC7E79A850D69BB /* Pods */,
				75EB11EFF2900748EC7864E5 /* Frameworks */,
			);
			sourceTree = "<group>";
		};
		8BBC51B32C020127005EB184 /* Products */ = {
			isa = PBXGroup;
			children = (
				8BBC51B22C020127005EB184 /* TodoApp.app */,
			);
			name = Products;
			sourceTree = "<group>";
		};
		8BBC51B42C020127005EB184 /* TodoApp */ = {
			isa = PBXGroup;
			children = (
				8BBC51CB2C02017C005EB184 /*  View */,
				8BBC51B52C020127005EB184 /* AppDelegate.swift */,
				8BBC51B72C020127005EB184 /* SceneDelegate.swift */,
				8BBC51CA2C020153005EB184 /* Model */,
				8BBC51C92C020143005EB184 /* Controller */,
				8BBC51BE2C02012A005EB184 /* Assets.xcassets */,
				8BBC51C02C02012A005EB184 /* LaunchScreen.storyboard */,
				8BBC51C32C02012A005EB184 /* Info.plist */,
			);
			path = TodoApp;
			sourceTree = "<group>";
		};
		8BBC51C92C020143005EB184 /* Controller */ = {
			isa = PBXGroup;
			children = (
				8B6DB39D2C0F07E000804DE9 /* MyPageViewController.swift */,
				8BBC51D02C020748005EB184 /* TodoViewController.swift */,
				8B8725612C05DD1A00E2B9F8 /* CategoryDetailViewController.swift */,
				8B8725632C0677FF00E2B9F8 /* TodoDetailViewController.swift */,
				8B6DB3952C0F055200804DE9 /* SignupViewController.swift */,
				8B6DB39B2C0F05BA00804DE9 /* SignInViewController.swift */,
				8B6DB3992C0F058700804DE9 /* MainViewController.swift */,
			);
			path = Controller;
			sourceTree = "<group>";
		};
		8BBC51CA2C020153005EB184 /* Model */ = {
			isa = PBXGroup;
			children = (
				8B8725652C087DBB00E2B9F8 /* EndPoint.swift */,
				8BBC51D62C025FB9005EB184 /* FetchAPI.swift */,
				8B6DB39F2C101BD800804DE9 /* SignIn.swift */,
				8B6DB3A12C10490500804DE9 /* SignUp.swift */,
				8BBC51D22C025E24005EB184 /* Todo.swift */,
				8B87255D2C027E5B00E2B9F8 /* Category.swift */,
				8B6DB3912C0EFD7300804DE9 /* CustomColor.swift */,
			);
			path = Model;
			sourceTree = "<group>";
		};
		8BBC51CB2C02017C005EB184 /*  View */ = {
			isa = PBXGroup;
			children = (
				8B8725572C02797800E2B9F8 /* CategoryViewCell.swift */,
				8B8725592C0279D900E2B9F8 /* Extension+.swift */,
				8B87255F2C05DB5900E2B9F8 /* AddCategoryCell.swift */,
				8B87255B2C027C3A00E2B9F8 /* TodoViewCell.swift */,
			);
			path = " View";
			sourceTree = "<group>";
		};
/* End PBXGroup section */

/* Begin PBXNativeTarget section */
		8BBC51B12C020127005EB184 /* TodoApp */ = {
			isa = PBXNativeTarget;
			buildConfigurationList = 8BBC51C62C02012A005EB184 /* Build configuration list for PBXNativeTarget "TodoApp" */;
			buildPhases = (
				04F6F69960F2A94EFA1746C3 /* [CP] Check Pods Manifest.lock */,
				8BBC51AE2C020127005EB184 /* Sources */,
				8BBC51AF2C020127005EB184 /* Frameworks */,
				8BBC51B02C020127005EB184 /* Resources */,
				A2CFCF0DFF9F6598B4B595DC /* [CP] Embed Pods Frameworks */,
			);
			buildRules = (
			);
			dependencies = (
			);
			name = TodoApp;
			productName = TodoApp;
			productReference = 8BBC51B22C020127005EB184 /* TodoApp.app */;
			productType = "com.apple.product-type.application";
		};
/* End PBXNativeTarget section */

/* Begin PBXProject section */
		8BBC51AA2C020127005EB184 /* Project object */ = {
			isa = PBXProject;
			attributes = {
				BuildIndependentTargetsInParallel = 1;
				LastSwiftUpdateCheck = 1540;
				LastUpgradeCheck = 1540;
				TargetAttributes = {
					8BBC51B12C020127005EB184 = {
						CreatedOnToolsVersion = 15.4;
					};
				};
			};
			buildConfigurationList = 8BBC51AD2C020127005EB184 /* Build configuration list for PBXProject "TodoApp" */;
			compatibilityVersion = "Xcode 14.0";
			developmentRegion = en;
			hasScannedForEncodings = 0;
			knownRegions = (
				en,
				Base,
			);
			mainGroup = 8BBC51A92C020127005EB184;
			productRefGroup = 8BBC51B32C020127005EB184 /* Products */;
			projectDirPath = "";
			projectRoot = "";
			targets = (
				8BBC51B12C020127005EB184 /* TodoApp */,
			);
		};
/* End PBXProject section */

/* Begin PBXResourcesBuildPhase section */
		8BBC51B02C020127005EB184 /* Resources */ = {
			isa = PBXResourcesBuildPhase;
			buildActionMask = 2147483647;
			files = (
				8BBC51BF2C02012A005EB184 /* Assets.xcassets in Resources */,
				8BBC51C22C02012A005EB184 /* Base in Resources */,
			);
			runOnlyForDeploymentPostprocessing = 0;
		};
/* End PBXResourcesBuildPhase section */

/* Begin PBXShellScriptBuildPhase section */
		04F6F69960F2A94EFA1746C3 /* [CP] Check Pods Manifest.lock */ = {
			isa = PBXShellScriptBuildPhase;
			buildActionMask = 2147483647;
			files = (
			);
			inputFileListPaths = (
			);
			inputPaths = (
				"${PODS_PODFILE_DIR_PATH}/Podfile.lock",
				"${PODS_ROOT}/Manifest.lock",
			);
			name = "[CP] Check Pods Manifest.lock";
			outputFileListPaths = (
			);
			outputPaths = (
				"$(DERIVED_FILE_DIR)/Pods-TodoApp-checkManifestLockResult.txt",
			);
			runOnlyForDeploymentPostprocessing = 0;
			shellPath = /bin/sh;
			shellScript = "diff \"${PODS_PODFILE_DIR_PATH}/Podfile.lock\" \"${PODS_ROOT}/Manifest.lock\" > /dev/null\nif [ $? != 0 ] ; then\n    # print error to STDERR\n    echo \"error: The sandbox is not in sync with the Podfile.lock. Run 'pod install' or update your CocoaPods installation.\" >&2\n    exit 1\nfi\n# This output is used by Xcode 'outputs' to avoid re-running this script phase.\necho \"SUCCESS\" > \"${SCRIPT_OUTPUT_FILE_0}\"\n";
			showEnvVarsInLog = 0;
		};
		A2CFCF0DFF9F6598B4B595DC /* [CP] Embed Pods Frameworks */ = {
			isa = PBXShellScriptBuildPhase;
			buildActionMask = 2147483647;
			files = (
			);
			inputFileListPaths = (
				"${PODS_ROOT}/Target Support Files/Pods-TodoApp/Pods-TodoApp-frameworks-${CONFIGURATION}-input-files.xcfilelist",
			);
			name = "[CP] Embed Pods Frameworks";
			outputFileListPaths = (
				"${PODS_ROOT}/Target Support Files/Pods-TodoApp/Pods-TodoApp-frameworks-${CONFIGURATION}-output-files.xcfilelist",
			);
			runOnlyForDeploymentPostprocessing = 0;
			shellPath = /bin/sh;
			shellScript = "\"${PODS_ROOT}/Target Support Files/Pods-TodoApp/Pods-TodoApp-frameworks.sh\"\n";
			showEnvVarsInLog = 0;
		};
/* End PBXShellScriptBuildPhase section */

/* Begin PBXSourcesBuildPhase section */
		8BBC51AE2C020127005EB184 /* Sources */ = {
			isa = PBXSourcesBuildPhase;
			buildActionMask = 2147483647;
			files = (
				8B6DB3A02C101BD800804DE9 /* SignIn.swift in Sources */,
				8BBC51D32C025E24005EB184 /* Todo.swift in Sources */,
				8B6DB3A22C10490500804DE9 /* SignUp.swift in Sources */,
				8B6DB3922C0EFD7300804DE9 /* CustomColor.swift in Sources */,
				8BBC51B62C020127005EB184 /* AppDelegate.swift in Sources */,
				8B6DB39C2C0F05BA00804DE9 /* SignInViewController.swift in Sources */,
				8BBC51B82C020127005EB184 /* SceneDelegate.swift in Sources */,
				8B87255E2C027E5B00E2B9F8 /* Category.swift in Sources */,
				8BBC51D72C025FB9005EB184 /* FetchAPI.swift in Sources */,
				8B8725602C05DB5900E2B9F8 /* AddCategoryCell.swift in Sources */,
				8BBC51D12C020748005EB184 /* TodoViewController.swift in Sources */,
				8B8725662C087DBB00E2B9F8 /* EndPoint.swift in Sources */,
				8B6DB3962C0F055200804DE9 /* SignupViewController.swift in Sources */,
				8B8725582C02797800E2B9F8 /* CategoryViewCell.swift in Sources */,
				8B8725642C0677FF00E2B9F8 /* TodoDetailViewController.swift in Sources */,
				8B6DB39E2C0F07E000804DE9 /* MyPageViewController.swift in Sources */,
				8B87255C2C027C3A00E2B9F8 /* TodoViewCell.swift in Sources */,
				8B6DB39A2C0F058700804DE9 /* MainViewController.swift in Sources */,
				8B8725622C05DD1A00E2B9F8 /* CategoryDetailViewController.swift in Sources */,
				8B87255A2C0279D900E2B9F8 /* Extension+.swift in Sources */,
			);
			runOnlyForDeploymentPostprocessing = 0;
		};
/* End PBXSourcesBuildPhase section */

/* Begin PBXVariantGroup section */
		8BBC51C02C02012A005EB184 /* LaunchScreen.storyboard */ = {
			isa = PBXVariantGroup;
			children = (
				8BBC51C12C02012A005EB184 /* Base */,
			);
			name = LaunchScreen.storyboard;
			sourceTree = "<group>";
		};
/* End PBXVariantGroup section */

/* Begin XCBuildConfiguration section */
		8BBC51C42C02012A005EB184 /* Debug */ = {
			isa = XCBuildConfiguration;
			buildSettings = {
				ALWAYS_SEARCH_USER_PATHS = NO;
				ASSETCATALOG_COMPILER_GENERATE_SWIFT_ASSET_SYMBOL_EXTENSIONS = YES;
				CLANG_ANALYZER_NONNULL = YES;
				CLANG_ANALYZER_NUMBER_OBJECT_CONVERSION = YES_AGGRESSIVE;
				CLANG_CXX_LANGUAGE_STANDARD = "gnu++20";
				CLANG_ENABLE_MODULES = YES;
				CLANG_ENABLE_OBJC_ARC = YES;
				CLANG_ENABLE_OBJC_WEAK = YES;
				CLANG_WARN_BLOCK_CAPTURE_AUTORELEASING = YES;
				CLANG_WARN_BOOL_CONVERSION = YES;
				CLANG_WARN_COMMA = YES;
				CLANG_WARN_CONSTANT_CONVERSION = YES;
				CLANG_WARN_DEPRECATED_OBJC_IMPLEMENTATIONS = YES;
				CLANG_WARN_DIRECT_OBJC_ISA_USAGE = YES_ERROR;
				CLANG_WARN_DOCUMENTATION_COMMENTS = YES;
				CLANG_WARN_EMPTY_BODY = YES;
				CLANG_WARN_ENUM_CONVERSION = YES;
				CLANG_WARN_INFINITE_RECURSION = YES;
				CLANG_WARN_INT_CONVERSION = YES;
				CLANG_WARN_NON_LITERAL_NULL_CONVERSION = YES;
				CLANG_WARN_OBJC_IMPLICIT_RETAIN_SELF = YES;
				CLANG_WARN_OBJC_LITERAL_CONVERSION = YES;
				CLANG_WARN_OBJC_ROOT_CLASS = YES_ERROR;
				CLANG_WARN_QUOTED_INCLUDE_IN_FRAMEWORK_HEADER = YES;
				CLANG_WARN_RANGE_LOOP_ANALYSIS = YES;
				CLANG_WARN_STRICT_PROTOTYPES = YES;
				CLANG_WARN_SUSPICIOUS_MOVE = YES;
				CLANG_WARN_UNGUARDED_AVAILABILITY = YES_AGGRESSIVE;
				CLANG_WARN_UNREACHABLE_CODE = YES;
				CLANG_WARN__DUPLICATE_METHOD_MATCH = YES;
				COPY_PHASE_STRIP = NO;
				DEBUG_INFORMATION_FORMAT = dwarf;
				ENABLE_STRICT_OBJC_MSGSEND = YES;
				ENABLE_TESTABILITY = YES;
				ENABLE_USER_SCRIPT_SANDBOXING = YES;
				GCC_C_LANGUAGE_STANDARD = gnu17;
				GCC_DYNAMIC_NO_PIC = NO;
				GCC_NO_COMMON_BLOCKS = YES;
				GCC_OPTIMIZATION_LEVEL = 0;
				GCC_PREPROCESSOR_DEFINITIONS = (
					"DEBUG=1",
					"$(inherited)",
				);
				GCC_WARN_64_TO_32_BIT_CONVERSION = YES;
				GCC_WARN_ABOUT_RETURN_TYPE = YES_ERROR;
				GCC_WARN_UNDECLARED_SELECTOR = YES;
				GCC_WARN_UNINITIALIZED_AUTOS = YES_AGGRESSIVE;
				GCC_WARN_UNUSED_FUNCTION = YES;
				GCC_WARN_UNUSED_VARIABLE = YES;
				IPHONEOS_DEPLOYMENT_TARGET = 17.5;
				LOCALIZATION_PREFERS_STRING_CATALOGS = YES;
				MTL_ENABLE_DEBUG_INFO = INCLUDE_SOURCE;
				MTL_FAST_MATH = YES;
				ONLY_ACTIVE_ARCH = YES;
				SDKROOT = iphoneos;
				SWIFT_ACTIVE_COMPILATION_CONDITIONS = "DEBUG $(inherited)";
				SWIFT_OPTIMIZATION_LEVEL = "-Onone";
			};
			name = Debug;
		};
		8BBC51C52C02012A005EB184 /* Release */ = {
			isa = XCBuildConfiguration;
			buildSettings = {
				ALWAYS_SEARCH_USER_PATHS = NO;
				ASSETCATALOG_COMPILER_GENERATE_SWIFT_ASSET_SYMBOL_EXTENSIONS = YES;
				CLANG_ANALYZER_NONNULL = YES;
				CLANG_ANALYZER_NUMBER_OBJECT_CONVERSION = YES_AGGRESSIVE;
				CLANG_CXX_LANGUAGE_STANDARD = "gnu++20";
				CLANG_ENABLE_MODULES = YES;
				CLANG_ENABLE_OBJC_ARC = YES;
				CLANG_ENABLE_OBJC_WEAK = YES;
				CLANG_WARN_BLOCK_CAPTURE_AUTORELEASING = YES;
				CLANG_WARN_BOOL_CONVERSION = YES;
				CLANG_WARN_COMMA = YES;
				CLANG_WARN_CONSTANT_CONVERSION = YES;
				CLANG_WARN_DEPRECATED_OBJC_IMPLEMENTATIONS = YES;
				CLANG_WARN_DIRECT_OBJC_ISA_USAGE = YES_ERROR;
				CLANG_WARN_DOCUMENTATION_COMMENTS = YES;
				CLANG_WARN_EMPTY_BODY = YES;
				CLANG_WARN_ENUM_CONVERSION = YES;
				CLANG_WARN_INFINITE_RECURSION = YES;
				CLANG_WARN_INT_CONVERSION = YES;
				CLANG_WARN_NON_LITERAL_NULL_CONVERSION = YES;
				CLANG_WARN_OBJC_IMPLICIT_RETAIN_SELF = YES;
				CLANG_WARN_OBJC_LITERAL_CONVERSION = YES;
				CLANG_WARN_OBJC_ROOT_CLASS = YES_ERROR;
				CLANG_WARN_QUOTED_INCLUDE_IN_FRAMEWORK_HEADER = YES;
				CLANG_WARN_RANGE_LOOP_ANALYSIS = YES;
				CLANG_WARN_STRICT_PROTOTYPES = YES;
				CLANG_WARN_SUSPICIOUS_MOVE = YES;
				CLANG_WARN_UNGUARDED_AVAILABILITY = YES_AGGRESSIVE;
				CLANG_WARN_UNREACHABLE_CODE = YES;
				CLANG_WARN__DUPLICATE_METHOD_MATCH = YES;
				COPY_PHASE_STRIP = NO;
				DEBUG_INFORMATION_FORMAT = "dwarf-with-dsym";
				ENABLE_NS_ASSERTIONS = NO;
				ENABLE_STRICT_OBJC_MSGSEND = YES;
				ENABLE_USER_SCRIPT_SANDBOXING = YES;
				GCC_C_LANGUAGE_STANDARD = gnu17;
				GCC_NO_COMMON_BLOCKS = YES;
				GCC_WARN_64_TO_32_BIT_CONVERSION = YES;
				GCC_WARN_ABOUT_RETURN_TYPE = YES_ERROR;
				GCC_WARN_UNDECLARED_SELECTOR = YES;
				GCC_WARN_UNINITIALIZED_AUTOS = YES_AGGRESSIVE;
				GCC_WARN_UNUSED_FUNCTION = YES;
				GCC_WARN_UNUSED_VARIABLE = YES;
				IPHONEOS_DEPLOYMENT_TARGET = 17.5;
				LOCALIZATION_PREFERS_STRING_CATALOGS = YES;
				MTL_ENABLE_DEBUG_INFO = NO;
				MTL_FAST_MATH = YES;
				SDKROOT = iphoneos;
				SWIFT_COMPILATION_MODE = wholemodule;
				VALIDATE_PRODUCT = YES;
			};
			name = Release;
		};
		8BBC51C72C02012A005EB184 /* Debug */ = {
			isa = XCBuildConfiguration;
			baseConfigurationReference = 9C352714C3CB4FD7FC1E50A6 /* Pods-TodoApp.debug.xcconfig */;
			buildSettings = {
				ASSETCATALOG_COMPILER_APPICON_NAME = AppIcon;
				ASSETCATALOG_COMPILER_GLOBAL_ACCENT_COLOR_NAME = AccentColor;
				CODE_SIGN_STYLE = Automatic;
				CURRENT_PROJECT_VERSION = 1;
				DEVELOPMENT_TEAM = S8YQN7N24J;
				ENABLE_USER_SCRIPT_SANDBOXING = NO;
				GENERATE_INFOPLIST_FILE = YES;
				INFOPLIST_FILE = TodoApp/Info.plist;
				INFOPLIST_KEY_UIApplicationSupportsIndirectInputEvents = YES;
				INFOPLIST_KEY_UILaunchStoryboardName = LaunchScreen;
				INFOPLIST_KEY_UISupportedInterfaceOrientations_iPad = "UIInterfaceOrientationPortrait UIInterfaceOrientationPortraitUpsideDown UIInterfaceOrientationLandscapeLeft UIInterfaceOrientationLandscapeRight";
				INFOPLIST_KEY_UISupportedInterfaceOrientations_iPhone = "UIInterfaceOrientationPortrait UIInterfaceOrientationLandscapeLeft UIInterfaceOrientationLandscapeRight";
				LD_RUNPATH_SEARCH_PATHS = (
					"$(inherited)",
					"@executable_path/Frameworks",
				);
				MARKETING_VERSION = 1.0;
				PRODUCT_BUNDLE_IDENTIFIER = org.appcenter.TodoApp;
				PRODUCT_NAME = "$(TARGET_NAME)";
				SWIFT_EMIT_LOC_STRINGS = YES;
				SWIFT_VERSION = 5.0;
				TARGETED_DEVICE_FAMILY = "1,2";
			};
			name = Debug;
		};
		8BBC51C82C02012A005EB184 /* Release */ = {
			isa = XCBuildConfiguration;
			baseConfigurationReference = 93062E8C3F3BF402BD77273D /* Pods-TodoApp.release.xcconfig */;
			buildSettings = {
				ASSETCATALOG_COMPILER_APPICON_NAME = AppIcon;
				ASSETCATALOG_COMPILER_GLOBAL_ACCENT_COLOR_NAME = AccentColor;
				CODE_SIGN_STYLE = Automatic;
				CURRENT_PROJECT_VERSION = 1;
				DEVELOPMENT_TEAM = S8YQN7N24J;
				ENABLE_USER_SCRIPT_SANDBOXING = NO;
				GENERATE_INFOPLIST_FILE = YES;
				INFOPLIST_FILE = TodoApp/Info.plist;
				INFOPLIST_KEY_UIApplicationSupportsIndirectInputEvents = YES;
				INFOPLIST_KEY_UILaunchStoryboardName = LaunchScreen;
				INFOPLIST_KEY_UISupportedInterfaceOrientations_iPad = "UIInterfaceOrientationPortrait UIInterfaceOrientationPortraitUpsideDown UIInterfaceOrientationLandscapeLeft UIInterfaceOrientationLandscapeRight";
				INFOPLIST_KEY_UISupportedInterfaceOrientations_iPhone = "UIInterfaceOrientationPortrait UIInterfaceOrientationLandscapeLeft UIInterfaceOrientationLandscapeRight";
				LD_RUNPATH_SEARCH_PATHS = (
					"$(inherited)",
					"@executable_path/Frameworks",
				);
				MARKETING_VERSION = 1.0;
				PRODUCT_BUNDLE_IDENTIFIER = org.appcenter.TodoApp;
				PRODUCT_NAME = "$(TARGET_NAME)";
				SWIFT_EMIT_LOC_STRINGS = YES;
				SWIFT_VERSION = 5.0;
				TARGETED_DEVICE_FAMILY = "1,2";
			};
			name = Release;
		};
/* End XCBuildConfiguration section */

/* Begin XCConfigurationList section */
		8BBC51AD2C020127005EB184 /* Build configuration list for PBXProject "TodoApp" */ = {
			isa = XCConfigurationList;
			buildConfigurations = (
				8BBC51C42C02012A005EB184 /* Debug */,
				8BBC51C52C02012A005EB184 /* Release */,
			);
			defaultConfigurationIsVisible = 0;
			defaultConfigurationName = Release;
		};
		8BBC51C62C02012A005EB184 /* Build configuration list for PBXNativeTarget "TodoApp" */ = {
			isa = XCConfigurationList;
			buildConfigurations = (
				8BBC51C72C02012A005EB184 /* Debug */,
				8BBC51C82C02012A005EB184 /* Release */,
			);
			defaultConfigurationIsVisible = 0;
			defaultConfigurationName = Release;
		};
/* End XCConfigurationList section */
	};
	rootObject = 8BBC51AA2C020127005EB184 /* Project object */;
}
