// !$*UTF8*$!
{
	archiveVersion = 1;
	classes = {
	};
	objectVersion = 56;
	objects = {

/* Begin PBXBuildFile section */
		B2B8CEDF2C061DF1002C6B51 /* AppDelegate.swift in Sources */ = {isa = PBXBuildFile; fileRef = B2B8CEDE2C061DF1002C6B51 /* AppDelegate.swift */; };
		B2B8CEE12C061DF1002C6B51 /* SceneDelegate.swift in Sources */ = {isa = PBXBuildFile; fileRef = B2B8CEE02C061DF1002C6B51 /* SceneDelegate.swift */; };
		B2B8CEE32C061DF1002C6B51 /* MainViewController.swift in Sources */ = {isa = PBXBuildFile; fileRef = B2B8CEE22C061DF1002C6B51 /* MainViewController.swift */; };
		B2B8CEE82C061DF2002C6B51 /* Assets.xcassets in Resources */ = {isa = PBXBuildFile; fileRef = B2B8CEE72C061DF2002C6B51 /* Assets.xcassets */; };
		B2B8CEF62C061DF2002C6B51 /* TodoListTests.swift in Sources */ = {isa = PBXBuildFile; fileRef = B2B8CEF52C061DF2002C6B51 /* TodoListTests.swift */; };
		B2B8CF002C061DF2002C6B51 /* TodoListUITests.swift in Sources */ = {isa = PBXBuildFile; fileRef = B2B8CEFF2C061DF2002C6B51 /* TodoListUITests.swift */; };
		B2B8CF022C061DF2002C6B51 /* TodoListUITestsLaunchTests.swift in Sources */ = {isa = PBXBuildFile; fileRef = B2B8CF012C061DF2002C6B51 /* TodoListUITestsLaunchTests.swift */; };
		B2C3F9952C0CF93200790E34 /* SignupViewController.swift in Sources */ = {isa = PBXBuildFile; fileRef = B2C3F9942C0CF93200790E34 /* SignupViewController.swift */; };
		B2C3F99A2C0CFA5B00790E34 /* MemberModel.swift in Sources */ = {isa = PBXBuildFile; fileRef = B2C3F9992C0CFA5B00790E34 /* MemberModel.swift */; };
		B2D9ABF02C08843A008A4407 /* LoginViewController.swift in Sources */ = {isa = PBXBuildFile; fileRef = B2D9ABEF2C08843A008A4407 /* LoginViewController.swift */; };
		B2D9ABF62C088776008A4407 /* Main1.png in Resources */ = {isa = PBXBuildFile; fileRef = B2D9ABF12C088776008A4407 /* Main1.png */; };
		B2D9ABF72C088776008A4407 /* Main2.png in Resources */ = {isa = PBXBuildFile; fileRef = B2D9ABF22C088776008A4407 /* Main2.png */; };
		B2D9ABF82C088776008A4407 /* Main3.png in Resources */ = {isa = PBXBuildFile; fileRef = B2D9ABF32C088776008A4407 /* Main3.png */; };
		B2D9ABF92C088776008A4407 /* Logo.png in Resources */ = {isa = PBXBuildFile; fileRef = B2D9ABF42C088776008A4407 /* Logo.png */; };
/* End PBXBuildFile section */

/* Begin PBXContainerItemProxy section */
		B2B8CEF22C061DF2002C6B51 /* PBXContainerItemProxy */ = {
			isa = PBXContainerItemProxy;
			containerPortal = B2B8CED32C061DF1002C6B51 /* Project object */;
			proxyType = 1;
			remoteGlobalIDString = B2B8CEDA2C061DF1002C6B51;
			remoteInfo = TodoList;
		};
		B2B8CEFC2C061DF2002C6B51 /* PBXContainerItemProxy */ = {
			isa = PBXContainerItemProxy;
			containerPortal = B2B8CED32C061DF1002C6B51 /* Project object */;
			proxyType = 1;
			remoteGlobalIDString = B2B8CEDA2C061DF1002C6B51;
			remoteInfo = TodoList;
		};
/* End PBXContainerItemProxy section */

/* Begin PBXFileReference section */
		B2B8CEDB2C061DF1002C6B51 /* TodoList.app */ = {isa = PBXFileReference; explicitFileType = wrapper.application; includeInIndex = 0; path = TodoList.app; sourceTree = BUILT_PRODUCTS_DIR; };
		B2B8CEDE2C061DF1002C6B51 /* AppDelegate.swift */ = {isa = PBXFileReference; lastKnownFileType = sourcecode.swift; path = AppDelegate.swift; sourceTree = "<group>"; };
		B2B8CEE02C061DF1002C6B51 /* SceneDelegate.swift */ = {isa = PBXFileReference; lastKnownFileType = sourcecode.swift; path = SceneDelegate.swift; sourceTree = "<group>"; };
		B2B8CEE22C061DF1002C6B51 /* MainViewController.swift */ = {isa = PBXFileReference; lastKnownFileType = sourcecode.swift; path = MainViewController.swift; sourceTree = "<group>"; };
		B2B8CEE72C061DF2002C6B51 /* Assets.xcassets */ = {isa = PBXFileReference; lastKnownFileType = folder.assetcatalog; path = Assets.xcassets; sourceTree = "<group>"; };
		B2B8CEEC2C061DF2002C6B51 /* Info.plist */ = {isa = PBXFileReference; lastKnownFileType = text.plist.xml; path = Info.plist; sourceTree = "<group>"; };
		B2B8CEF12C061DF2002C6B51 /* TodoListTests.xctest */ = {isa = PBXFileReference; explicitFileType = wrapper.cfbundle; includeInIndex = 0; path = TodoListTests.xctest; sourceTree = BUILT_PRODUCTS_DIR; };
		B2B8CEF52C061DF2002C6B51 /* TodoListTests.swift */ = {isa = PBXFileReference; lastKnownFileType = sourcecode.swift; path = TodoListTests.swift; sourceTree = "<group>"; };
		B2B8CEFB2C061DF2002C6B51 /* TodoListUITests.xctest */ = {isa = PBXFileReference; explicitFileType = wrapper.cfbundle; includeInIndex = 0; path = TodoListUITests.xctest; sourceTree = BUILT_PRODUCTS_DIR; };
		B2B8CEFF2C061DF2002C6B51 /* TodoListUITests.swift */ = {isa = PBXFileReference; lastKnownFileType = sourcecode.swift; path = TodoListUITests.swift; sourceTree = "<group>"; };
		B2B8CF012C061DF2002C6B51 /* TodoListUITestsLaunchTests.swift */ = {isa = PBXFileReference; lastKnownFileType = sourcecode.swift; path = TodoListUITestsLaunchTests.swift; sourceTree = "<group>"; };
		B2C3F9942C0CF93200790E34 /* SignupViewController.swift */ = {isa = PBXFileReference; lastKnownFileType = sourcecode.swift; path = SignupViewController.swift; sourceTree = "<group>"; };
		B2C3F9992C0CFA5B00790E34 /* MemberModel.swift */ = {isa = PBXFileReference; lastKnownFileType = sourcecode.swift; path = MemberModel.swift; sourceTree = "<group>"; };
		B2D9ABEF2C08843A008A4407 /* LoginViewController.swift */ = {isa = PBXFileReference; lastKnownFileType = sourcecode.swift; path = LoginViewController.swift; sourceTree = "<group>"; };
		B2D9ABF12C088776008A4407 /* Main1.png */ = {isa = PBXFileReference; lastKnownFileType = image.png; path = Main1.png; sourceTree = "<group>"; };
		B2D9ABF22C088776008A4407 /* Main2.png */ = {isa = PBXFileReference; lastKnownFileType = image.png; path = Main2.png; sourceTree = "<group>"; };
		B2D9ABF32C088776008A4407 /* Main3.png */ = {isa = PBXFileReference; lastKnownFileType = image.png; path = Main3.png; sourceTree = "<group>"; };
		B2D9ABF42C088776008A4407 /* Logo.png */ = {isa = PBXFileReference; lastKnownFileType = image.png; path = Logo.png; sourceTree = "<group>"; };
/* End PBXFileReference section */

/* Begin PBXFrameworksBuildPhase section */
		B2B8CED82C061DF1002C6B51 /* Frameworks */ = {
			isa = PBXFrameworksBuildPhase;
			buildActionMask = 2147483647;
			files = (
			);
			runOnlyForDeploymentPostprocessing = 0;
		};
		B2B8CEEE2C061DF2002C6B51 /* Frameworks */ = {
			isa = PBXFrameworksBuildPhase;
			buildActionMask = 2147483647;
			files = (
			);
			runOnlyForDeploymentPostprocessing = 0;
		};
		B2B8CEF82C061DF2002C6B51 /* Frameworks */ = {
			isa = PBXFrameworksBuildPhase;
			buildActionMask = 2147483647;
			files = (
			);
			runOnlyForDeploymentPostprocessing = 0;
		};
/* End PBXFrameworksBuildPhase section */

/* Begin PBXGroup section */
		B2B8CED22C061DF1002C6B51 = {
			isa = PBXGroup;
			children = (
				B2B8CEDD2C061DF1002C6B51 /* TodoList */,
				B2B8CEF42C061DF2002C6B51 /* TodoListTests */,
				B2B8CEFE2C061DF2002C6B51 /* TodoListUITests */,
				B2B8CEDC2C061DF1002C6B51 /* Products */,
			);
			sourceTree = "<group>";
		};
		B2B8CEDC2C061DF1002C6B51 /* Products */ = {
			isa = PBXGroup;
			children = (
				B2B8CEDB2C061DF1002C6B51 /* TodoList.app */,
				B2B8CEF12C061DF2002C6B51 /* TodoListTests.xctest */,
				B2B8CEFB2C061DF2002C6B51 /* TodoListUITests.xctest */,
			);
			name = Products;
			sourceTree = "<group>";
		};
		B2B8CEDD2C061DF1002C6B51 /* TodoList */ = {
			isa = PBXGroup;
			children = (
				B2C3F9982C0CF9BE00790E34 /* Controller */,
				B2C3F9972C0CF9B200790E34 /* View */,
				B2C3F9962C0CF9A900790E34 /* Model */,
				B2B8CEDE2C061DF1002C6B51 /* AppDelegate.swift */,
				B2B8CEE02C061DF1002C6B51 /* SceneDelegate.swift */,
				B2D9ABF52C088776008A4407 /* image */,
				B2B8CEE72C061DF2002C6B51 /* Assets.xcassets */,
				B2B8CEEC2C061DF2002C6B51 /* Info.plist */,
			);
			path = TodoList;
			sourceTree = "<group>";
		};
		B2B8CEF42C061DF2002C6B51 /* TodoListTests */ = {
			isa = PBXGroup;
			children = (
				B2B8CEF52C061DF2002C6B51 /* TodoListTests.swift */,
			);
			path = TodoListTests;
			sourceTree = "<group>";
		};
		B2B8CEFE2C061DF2002C6B51 /* TodoListUITests */ = {
			isa = PBXGroup;
			children = (
				B2B8CEFF2C061DF2002C6B51 /* TodoListUITests.swift */,
				B2B8CF012C061DF2002C6B51 /* TodoListUITestsLaunchTests.swift */,
			);
			path = TodoListUITests;
			sourceTree = "<group>";
		};
		B2C3F9962C0CF9A900790E34 /* Model */ = {
			isa = PBXGroup;
			children = (
				B2C3F9992C0CFA5B00790E34 /* MemberModel.swift */,
			);
			path = Model;
			sourceTree = "<group>";
		};
		B2C3F9972C0CF9B200790E34 /* View */ = {
			isa = PBXGroup;
			children = (
			);
			path = View;
			sourceTree = "<group>";
		};
		B2C3F9982C0CF9BE00790E34 /* Controller */ = {
			isa = PBXGroup;
			children = (
				B2B8CEE22C061DF1002C6B51 /* MainViewController.swift */,
				B2D9ABEF2C08843A008A4407 /* LoginViewController.swift */,
				B2C3F9942C0CF93200790E34 /* SignupViewController.swift */,
			);
			path = Controller;
			sourceTree = "<group>";
		};
		B2D9ABF52C088776008A4407 /* image */ = {
			isa = PBXGroup;
			children = (
				B2D9ABF12C088776008A4407 /* Main1.png */,
				B2D9ABF22C088776008A4407 /* Main2.png */,
				B2D9ABF32C088776008A4407 /* Main3.png */,
				B2D9ABF42C088776008A4407 /* Logo.png */,
			);
			path = image;
			sourceTree = SOURCE_ROOT;
		};
/* End PBXGroup section */

/* Begin PBXNativeTarget section */
		B2B8CEDA2C061DF1002C6B51 /* TodoList */ = {
			isa = PBXNativeTarget;
			buildConfigurationList = B2B8CF052C061DF2002C6B51 /* Build configuration list for PBXNativeTarget "TodoList" */;
			buildPhases = (
				B2B8CED72C061DF1002C6B51 /* Sources */,
				B2B8CED82C061DF1002C6B51 /* Frameworks */,
				B2B8CED92C061DF1002C6B51 /* Resources */,
			);
			buildRules = (
			);
			dependencies = (
			);
			name = TodoList;
			productName = TodoList;
			productReference = B2B8CEDB2C061DF1002C6B51 /* TodoList.app */;
			productType = "com.apple.product-type.application";
		};
		B2B8CEF02C061DF2002C6B51 /* TodoListTests */ = {
			isa = PBXNativeTarget;
			buildConfigurationList = B2B8CF082C061DF2002C6B51 /* Build configuration list for PBXNativeTarget "TodoListTests" */;
			buildPhases = (
				B2B8CEED2C061DF2002C6B51 /* Sources */,
				B2B8CEEE2C061DF2002C6B51 /* Frameworks */,
				B2B8CEEF2C061DF2002C6B51 /* Resources */,
			);
			buildRules = (
			);
			dependencies = (
				B2B8CEF32C061DF2002C6B51 /* PBXTargetDependency */,
			);
			name = TodoListTests;
			productName = TodoListTests;
			productReference = B2B8CEF12C061DF2002C6B51 /* TodoListTests.xctest */;
			productType = "com.apple.product-type.bundle.unit-test";
		};
		B2B8CEFA2C061DF2002C6B51 /* TodoListUITests */ = {
			isa = PBXNativeTarget;
			buildConfigurationList = B2B8CF0B2C061DF2002C6B51 /* Build configuration list for PBXNativeTarget "TodoListUITests" */;
			buildPhases = (
				B2B8CEF72C061DF2002C6B51 /* Sources */,
				B2B8CEF82C061DF2002C6B51 /* Frameworks */,
				B2B8CEF92C061DF2002C6B51 /* Resources */,
			);
			buildRules = (
			);
			dependencies = (
				B2B8CEFD2C061DF2002C6B51 /* PBXTargetDependency */,
			);
			name = TodoListUITests;
			productName = TodoListUITests;
			productReference = B2B8CEFB2C061DF2002C6B51 /* TodoListUITests.xctest */;
			productType = "com.apple.product-type.bundle.ui-testing";
		};
/* End PBXNativeTarget section */

/* Begin PBXProject section */
		B2B8CED32C061DF1002C6B51 /* Project object */ = {
			isa = PBXProject;
			attributes = {
				BuildIndependentTargetsInParallel = 1;
				LastSwiftUpdateCheck = 1530;
				LastUpgradeCheck = 1530;
				TargetAttributes = {
					B2B8CEDA2C061DF1002C6B51 = {
						CreatedOnToolsVersion = 15.3;
					};
					B2B8CEF02C061DF2002C6B51 = {
						CreatedOnToolsVersion = 15.3;
						TestTargetID = B2B8CEDA2C061DF1002C6B51;
					};
					B2B8CEFA2C061DF2002C6B51 = {
						CreatedOnToolsVersion = 15.3;
						TestTargetID = B2B8CEDA2C061DF1002C6B51;
					};
				};
			};
			buildConfigurationList = B2B8CED62C061DF1002C6B51 /* Build configuration list for PBXProject "TodoList" */;
			compatibilityVersion = "Xcode 14.0";
			developmentRegion = en;
			hasScannedForEncodings = 0;
			knownRegions = (
				en,
				Base,
			);
			mainGroup = B2B8CED22C061DF1002C6B51;
			productRefGroup = B2B8CEDC2C061DF1002C6B51 /* Products */;
			projectDirPath = "";
			projectRoot = "";
			targets = (
				B2B8CEDA2C061DF1002C6B51 /* TodoList */,
				B2B8CEF02C061DF2002C6B51 /* TodoListTests */,
				B2B8CEFA2C061DF2002C6B51 /* TodoListUITests */,
			);
		};
/* End PBXProject section */

/* Begin PBXResourcesBuildPhase section */
		B2B8CED92C061DF1002C6B51 /* Resources */ = {
			isa = PBXResourcesBuildPhase;
			buildActionMask = 2147483647;
			files = (
				B2D9ABF82C088776008A4407 /* Main3.png in Resources */,
				B2D9ABF62C088776008A4407 /* Main1.png in Resources */,
				B2D9ABF92C088776008A4407 /* Logo.png in Resources */,
				B2D9ABF72C088776008A4407 /* Main2.png in Resources */,
				B2B8CEE82C061DF2002C6B51 /* Assets.xcassets in Resources */,
			);
			runOnlyForDeploymentPostprocessing = 0;
		};
		B2B8CEEF2C061DF2002C6B51 /* Resources */ = {
			isa = PBXResourcesBuildPhase;
			buildActionMask = 2147483647;
			files = (
			);
			runOnlyForDeploymentPostprocessing = 0;
		};
		B2B8CEF92C061DF2002C6B51 /* Resources */ = {
			isa = PBXResourcesBuildPhase;
			buildActionMask = 2147483647;
			files = (
			);
			runOnlyForDeploymentPostprocessing = 0;
		};
/* End PBXResourcesBuildPhase section */

/* Begin PBXSourcesBuildPhase section */
		B2B8CED72C061DF1002C6B51 /* Sources */ = {
			isa = PBXSourcesBuildPhase;
			buildActionMask = 2147483647;
			files = (
				B2D9ABF02C08843A008A4407 /* LoginViewController.swift in Sources */,
				B2C3F99A2C0CFA5B00790E34 /* MemberModel.swift in Sources */,
				B2B8CEE32C061DF1002C6B51 /* MainViewController.swift in Sources */,
				B2C3F9952C0CF93200790E34 /* SignupViewController.swift in Sources */,
				B2B8CEDF2C061DF1002C6B51 /* AppDelegate.swift in Sources */,
				B2B8CEE12C061DF1002C6B51 /* SceneDelegate.swift in Sources */,
			);
			runOnlyForDeploymentPostprocessing = 0;
		};
		B2B8CEED2C061DF2002C6B51 /* Sources */ = {
			isa = PBXSourcesBuildPhase;
			buildActionMask = 2147483647;
			files = (
				B2B8CEF62C061DF2002C6B51 /* TodoListTests.swift in Sources */,
			);
			runOnlyForDeploymentPostprocessing = 0;
		};
		B2B8CEF72C061DF2002C6B51 /* Sources */ = {
			isa = PBXSourcesBuildPhase;
			buildActionMask = 2147483647;
			files = (
				B2B8CF022C061DF2002C6B51 /* TodoListUITestsLaunchTests.swift in Sources */,
				B2B8CF002C061DF2002C6B51 /* TodoListUITests.swift in Sources */,
			);
			runOnlyForDeploymentPostprocessing = 0;
		};
/* End PBXSourcesBuildPhase section */

/* Begin PBXTargetDependency section */
		B2B8CEF32C061DF2002C6B51 /* PBXTargetDependency */ = {
			isa = PBXTargetDependency;
			target = B2B8CEDA2C061DF1002C6B51 /* TodoList */;
			targetProxy = B2B8CEF22C061DF2002C6B51 /* PBXContainerItemProxy */;
		};
		B2B8CEFD2C061DF2002C6B51 /* PBXTargetDependency */ = {
			isa = PBXTargetDependency;
			target = B2B8CEDA2C061DF1002C6B51 /* TodoList */;
			targetProxy = B2B8CEFC2C061DF2002C6B51 /* PBXContainerItemProxy */;
		};
/* End PBXTargetDependency section */

/* Begin XCBuildConfiguration section */
		B2B8CF032C061DF2002C6B51 /* Debug */ = {
			isa = XCBuildConfiguration;
			buildSettings = {
				ALWAYS_SEARCH_USER_PATHS = NO;
				ASSETCATALOG_COMPILER_GENERATE_SWIFT_ASSET_SYMBOL_EXTENSIONS = YES;
				CLANG_ANALYZER_NONNULL = YES;
				CLANG_ANALYZER_NUMBER_OBJECT_CONVERSION = YES_AGGRESSIVE;
				CLANG_CXX_LANGUAGE_STANDARD = "gnu++20";
				CLANG_ENABLE_MODULES = YES;
				CLANG_ENABLE_OBJC_ARC = YES;
				CLANG_ENABLE_OBJC_WEAK = YES;
				CLANG_WARN_BLOCK_CAPTURE_AUTORELEASING = YES;
				CLANG_WARN_BOOL_CONVERSION = YES;
				CLANG_WARN_COMMA = YES;
				CLANG_WARN_CONSTANT_CONVERSION = YES;
				CLANG_WARN_DEPRECATED_OBJC_IMPLEMENTATIONS = YES;
				CLANG_WARN_DIRECT_OBJC_ISA_USAGE = YES_ERROR;
				CLANG_WARN_DOCUMENTATION_COMMENTS = YES;
				CLANG_WARN_EMPTY_BODY = YES;
				CLANG_WARN_ENUM_CONVERSION = YES;
				CLANG_WARN_INFINITE_RECURSION = YES;
				CLANG_WARN_INT_CONVERSION = YES;
				CLANG_WARN_NON_LITERAL_NULL_CONVERSION = YES;
				CLANG_WARN_OBJC_IMPLICIT_RETAIN_SELF = YES;
				CLANG_WARN_OBJC_LITERAL_CONVERSION = YES;
				CLANG_WARN_OBJC_ROOT_CLASS = YES_ERROR;
				CLANG_WARN_QUOTED_INCLUDE_IN_FRAMEWORK_HEADER = YES;
				CLANG_WARN_RANGE_LOOP_ANALYSIS = YES;
				CLANG_WARN_STRICT_PROTOTYPES = YES;
				CLANG_WARN_SUSPICIOUS_MOVE = YES;
				CLANG_WARN_UNGUARDED_AVAILABILITY = YES_AGGRESSIVE;
				CLANG_WARN_UNREACHABLE_CODE = YES;
				CLANG_WARN__DUPLICATE_METHOD_MATCH = YES;
				COPY_PHASE_STRIP = NO;
				DEBUG_INFORMATION_FORMAT = dwarf;
				ENABLE_STRICT_OBJC_MSGSEND = YES;
				ENABLE_TESTABILITY = YES;
				ENABLE_USER_SCRIPT_SANDBOXING = YES;
				GCC_C_LANGUAGE_STANDARD = gnu17;
				GCC_DYNAMIC_NO_PIC = NO;
				GCC_NO_COMMON_BLOCKS = YES;
				GCC_OPTIMIZATION_LEVEL = 0;
				GCC_PREPROCESSOR_DEFINITIONS = (
					"DEBUG=1",
					"$(inherited)",
				);
				GCC_WARN_64_TO_32_BIT_CONVERSION = YES;
				GCC_WARN_ABOUT_RETURN_TYPE = YES_ERROR;
				GCC_WARN_UNDECLARED_SELECTOR = YES;
				GCC_WARN_UNINITIALIZED_AUTOS = YES_AGGRESSIVE;
				GCC_WARN_UNUSED_FUNCTION = YES;
				GCC_WARN_UNUSED_VARIABLE = YES;
				IPHONEOS_DEPLOYMENT_TARGET = 17.4;
				LOCALIZATION_PREFERS_STRING_CATALOGS = YES;
				MTL_ENABLE_DEBUG_INFO = INCLUDE_SOURCE;
				MTL_FAST_MATH = YES;
				ONLY_ACTIVE_ARCH = YES;
				SDKROOT = iphoneos;
				SWIFT_ACTIVE_COMPILATION_CONDITIONS = "DEBUG $(inherited)";
				SWIFT_OPTIMIZATION_LEVEL = "-Onone";
			};
			name = Debug;
		};
		B2B8CF042C061DF2002C6B51 /* Release */ = {
			isa = XCBuildConfiguration;
			buildSettings = {
				ALWAYS_SEARCH_USER_PATHS = NO;
				ASSETCATALOG_COMPILER_GENERATE_SWIFT_ASSET_SYMBOL_EXTENSIONS = YES;
				CLANG_ANALYZER_NONNULL = YES;
				CLANG_ANALYZER_NUMBER_OBJECT_CONVERSION = YES_AGGRESSIVE;
				CLANG_CXX_LANGUAGE_STANDARD = "gnu++20";
				CLANG_ENABLE_MODULES = YES;
				CLANG_ENABLE_OBJC_ARC = YES;
				CLANG_ENABLE_OBJC_WEAK = YES;
				CLANG_WARN_BLOCK_CAPTURE_AUTORELEASING = YES;
				CLANG_WARN_BOOL_CONVERSION = YES;
				CLANG_WARN_COMMA = YES;
				CLANG_WARN_CONSTANT_CONVERSION = YES;
				CLANG_WARN_DEPRECATED_OBJC_IMPLEMENTATIONS = YES;
				CLANG_WARN_DIRECT_OBJC_ISA_USAGE = YES_ERROR;
				CLANG_WARN_DOCUMENTATION_COMMENTS = YES;
				CLANG_WARN_EMPTY_BODY = YES;
				CLANG_WARN_ENUM_CONVERSION = YES;
				CLANG_WARN_INFINITE_RECURSION = YES;
				CLANG_WARN_INT_CONVERSION = YES;
				CLANG_WARN_NON_LITERAL_NULL_CONVERSION = YES;
				CLANG_WARN_OBJC_IMPLICIT_RETAIN_SELF = YES;
				CLANG_WARN_OBJC_LITERAL_CONVERSION = YES;
				CLANG_WARN_OBJC_ROOT_CLASS = YES_ERROR;
				CLANG_WARN_QUOTED_INCLUDE_IN_FRAMEWORK_HEADER = YES;
				CLANG_WARN_RANGE_LOOP_ANALYSIS = YES;
				CLANG_WARN_STRICT_PROTOTYPES = YES;
				CLANG_WARN_SUSPICIOUS_MOVE = YES;
				CLANG_WARN_UNGUARDED_AVAILABILITY = YES_AGGRESSIVE;
				CLANG_WARN_UNREACHABLE_CODE = YES;
				CLANG_WARN__DUPLICATE_METHOD_MATCH = YES;
				COPY_PHASE_STRIP = NO;
				DEBUG_INFORMATION_FORMAT = "dwarf-with-dsym";
				ENABLE_NS_ASSERTIONS = NO;
				ENABLE_STRICT_OBJC_MSGSEND = YES;
				ENABLE_USER_SCRIPT_SANDBOXING = YES;
				GCC_C_LANGUAGE_STANDARD = gnu17;
				GCC_NO_COMMON_BLOCKS = YES;
				GCC_WARN_64_TO_32_BIT_CONVERSION = YES;
				GCC_WARN_ABOUT_RETURN_TYPE = YES_ERROR;
				GCC_WARN_UNDECLARED_SELECTOR = YES;
				GCC_WARN_UNINITIALIZED_AUTOS = YES_AGGRESSIVE;
				GCC_WARN_UNUSED_FUNCTION = YES;
				GCC_WARN_UNUSED_VARIABLE = YES;
				IPHONEOS_DEPLOYMENT_TARGET = 17.4;
				LOCALIZATION_PREFERS_STRING_CATALOGS = YES;
				MTL_ENABLE_DEBUG_INFO = NO;
				MTL_FAST_MATH = YES;
				SDKROOT = iphoneos;
				SWIFT_COMPILATION_MODE = wholemodule;
				VALIDATE_PRODUCT = YES;
			};
			name = Release;
		};
		B2B8CF062C061DF2002C6B51 /* Debug */ = {
			isa = XCBuildConfiguration;
			buildSettings = {
				ASSETCATALOG_COMPILER_APPICON_NAME = AppIcon;
				ASSETCATALOG_COMPILER_GLOBAL_ACCENT_COLOR_NAME = AccentColor;
				CODE_SIGN_STYLE = Automatic;
				CURRENT_PROJECT_VERSION = 1;
				GENERATE_INFOPLIST_FILE = YES;
				INFOPLIST_FILE = TodoList/Info.plist;
				INFOPLIST_KEY_UIApplicationSupportsIndirectInputEvents = YES;
				INFOPLIST_KEY_UILaunchStoryboardName = LaunchScreen;
				INFOPLIST_KEY_UISupportedInterfaceOrientations_iPad = "UIInterfaceOrientationPortrait UIInterfaceOrientationPortraitUpsideDown UIInterfaceOrientationLandscapeLeft UIInterfaceOrientationLandscapeRight";
				INFOPLIST_KEY_UISupportedInterfaceOrientations_iPhone = "UIInterfaceOrientationPortrait UIInterfaceOrientationLandscapeLeft UIInterfaceOrientationLandscapeRight";
				LD_RUNPATH_SEARCH_PATHS = (
					"$(inherited)",
					"@executable_path/Frameworks",
				);
				MARKETING_VERSION = 1.0;
				PRODUCT_BUNDLE_IDENTIFIER = "appcenter-IOS.TodoList";
				PRODUCT_NAME = "$(TARGET_NAME)";
				SWIFT_EMIT_LOC_STRINGS = YES;
				SWIFT_VERSION = 5.0;
				TARGETED_DEVICE_FAMILY = "1,2";
			};
			name = Debug;
		};
		B2B8CF072C061DF2002C6B51 /* Release */ = {
			isa = XCBuildConfiguration;
			buildSettings = {
				ASSETCATALOG_COMPILER_APPICON_NAME = AppIcon;
				ASSETCATALOG_COMPILER_GLOBAL_ACCENT_COLOR_NAME = AccentColor;
				CODE_SIGN_STYLE = Automatic;
				CURRENT_PROJECT_VERSION = 1;
				GENERATE_INFOPLIST_FILE = YES;
				INFOPLIST_FILE = TodoList/Info.plist;
				INFOPLIST_KEY_UIApplicationSupportsIndirectInputEvents = YES;
				INFOPLIST_KEY_UILaunchStoryboardName = LaunchScreen;
				INFOPLIST_KEY_UISupportedInterfaceOrientations_iPad = "UIInterfaceOrientationPortrait UIInterfaceOrientationPortraitUpsideDown UIInterfaceOrientationLandscapeLeft UIInterfaceOrientationLandscapeRight";
				INFOPLIST_KEY_UISupportedInterfaceOrientations_iPhone = "UIInterfaceOrientationPortrait UIInterfaceOrientationLandscapeLeft UIInterfaceOrientationLandscapeRight";
				LD_RUNPATH_SEARCH_PATHS = (
					"$(inherited)",
					"@executable_path/Frameworks",
				);
				MARKETING_VERSION = 1.0;
				PRODUCT_BUNDLE_IDENTIFIER = "appcenter-IOS.TodoList";
				PRODUCT_NAME = "$(TARGET_NAME)";
				SWIFT_EMIT_LOC_STRINGS = YES;
				SWIFT_VERSION = 5.0;
				TARGETED_DEVICE_FAMILY = "1,2";
			};
			name = Release;
		};
		B2B8CF092C061DF2002C6B51 /* Debug */ = {
			isa = XCBuildConfiguration;
			buildSettings = {
				ALWAYS_EMBED_SWIFT_STANDARD_LIBRARIES = YES;
				BUNDLE_LOADER = "$(TEST_HOST)";
				CODE_SIGN_STYLE = Automatic;
				CURRENT_PROJECT_VERSION = 1;
				GENERATE_INFOPLIST_FILE = YES;
				IPHONEOS_DEPLOYMENT_TARGET = 17.4;
				MARKETING_VERSION = 1.0;
				PRODUCT_BUNDLE_IDENTIFIER = "appcenter-IOS.TodoListTests";
				PRODUCT_NAME = "$(TARGET_NAME)";
				SWIFT_EMIT_LOC_STRINGS = NO;
				SWIFT_VERSION = 5.0;
				TARGETED_DEVICE_FAMILY = "1,2";
				TEST_HOST = "$(BUILT_PRODUCTS_DIR)/TodoList.app/$(BUNDLE_EXECUTABLE_FOLDER_PATH)/TodoList";
			};
			name = Debug;
		};
		B2B8CF0A2C061DF2002C6B51 /* Release */ = {
			isa = XCBuildConfiguration;
			buildSettings = {
				ALWAYS_EMBED_SWIFT_STANDARD_LIBRARIES = YES;
				BUNDLE_LOADER = "$(TEST_HOST)";
				CODE_SIGN_STYLE = Automatic;
				CURRENT_PROJECT_VERSION = 1;
				GENERATE_INFOPLIST_FILE = YES;
				IPHONEOS_DEPLOYMENT_TARGET = 17.4;
				MARKETING_VERSION = 1.0;
				PRODUCT_BUNDLE_IDENTIFIER = "appcenter-IOS.TodoListTests";
				PRODUCT_NAME = "$(TARGET_NAME)";
				SWIFT_EMIT_LOC_STRINGS = NO;
				SWIFT_VERSION = 5.0;
				TARGETED_DEVICE_FAMILY = "1,2";
				TEST_HOST = "$(BUILT_PRODUCTS_DIR)/TodoList.app/$(BUNDLE_EXECUTABLE_FOLDER_PATH)/TodoList";
			};
			name = Release;
		};
		B2B8CF0C2C061DF2002C6B51 /* Debug */ = {
			isa = XCBuildConfiguration;
			buildSettings = {
				ALWAYS_EMBED_SWIFT_STANDARD_LIBRARIES = YES;
				CODE_SIGN_STYLE = Automatic;
				CURRENT_PROJECT_VERSION = 1;
				GENERATE_INFOPLIST_FILE = YES;
				MARKETING_VERSION = 1.0;
				PRODUCT_BUNDLE_IDENTIFIER = "appcenter-IOS.TodoListUITests";
				PRODUCT_NAME = "$(TARGET_NAME)";
				SWIFT_EMIT_LOC_STRINGS = NO;
				SWIFT_VERSION = 5.0;
				TARGETED_DEVICE_FAMILY = "1,2";
				TEST_TARGET_NAME = TodoList;
			};
			name = Debug;
		};
		B2B8CF0D2C061DF2002C6B51 /* Release */ = {
			isa = XCBuildConfiguration;
			buildSettings = {
				ALWAYS_EMBED_SWIFT_STANDARD_LIBRARIES = YES;
				CODE_SIGN_STYLE = Automatic;
				CURRENT_PROJECT_VERSION = 1;
				GENERATE_INFOPLIST_FILE = YES;
				MARKETING_VERSION = 1.0;
				PRODUCT_BUNDLE_IDENTIFIER = "appcenter-IOS.TodoListUITests";
				PRODUCT_NAME = "$(TARGET_NAME)";
				SWIFT_EMIT_LOC_STRINGS = NO;
				SWIFT_VERSION = 5.0;
				TARGETED_DEVICE_FAMILY = "1,2";
				TEST_TARGET_NAME = TodoList;
			};
			name = Release;
		};
/* End XCBuildConfiguration section */

/* Begin XCConfigurationList section */
		B2B8CED62C061DF1002C6B51 /* Build configuration list for PBXProject "TodoList" */ = {
			isa = XCConfigurationList;
			buildConfigurations = (
				B2B8CF032C061DF2002C6B51 /* Debug */,
				B2B8CF042C061DF2002C6B51 /* Release */,
			);
			defaultConfigurationIsVisible = 0;
			defaultConfigurationName = Release;
		};
		B2B8CF052C061DF2002C6B51 /* Build configuration list for PBXNativeTarget "TodoList" */ = {
			isa = XCConfigurationList;
			buildConfigurations = (
				B2B8CF062C061DF2002C6B51 /* Debug */,
				B2B8CF072C061DF2002C6B51 /* Release */,
			);
			defaultConfigurationIsVisible = 0;
			defaultConfigurationName = Release;
		};
		B2B8CF082C061DF2002C6B51 /* Build configuration list for PBXNativeTarget "TodoListTests" */ = {
			isa = XCConfigurationList;
			buildConfigurations = (
				B2B8CF092C061DF2002C6B51 /* Debug */,
				B2B8CF0A2C061DF2002C6B51 /* Release */,
			);
			defaultConfigurationIsVisible = 0;
			defaultConfigurationName = Release;
		};
		B2B8CF0B2C061DF2002C6B51 /* Build configuration list for PBXNativeTarget "TodoListUITests" */ = {
			isa = XCConfigurationList;
			buildConfigurations = (
				B2B8CF0C2C061DF2002C6B51 /* Debug */,
				B2B8CF0D2C061DF2002C6B51 /* Release */,
			);
			defaultConfigurationIsVisible = 0;
			defaultConfigurationName = Release;
		};
/* End XCConfigurationList section */
	};
	rootObject = B2B8CED32C061DF1002C6B51 /* Project object */;
}
